
Microsoft Visual Studio Solution File, Format Version 12.00
# Visual Studio Version 17
VisualStudioVersion = 17.14.36518.9 d17.14
MinimumVisualStudioVersion = 10.0.40219.1
Project("{8BC9CEB8-8B4A-11D0-8D11-00A0C91BC942}") = "Zadatak3", "Zadatak3.vcxproj", "{EEF6D6E1-3487-48A6-A31F-E83A421F6E18}"
EndProject
Global
	GlobalSection(SolutionConfigurationPlatforms) = preSolution
		Debug|x64 = Debug|x64
		Debug|x86 = Debug|x86
		Release|x64 = Release|x64
		Release|x86 = Release|x86
	EndGlobalSection
	GlobalSection(ProjectConfigurationPlatforms) = postSolution
		{EEF6D6E1-3487-48A6-A31F-E83A421F6E18}.Debug|x64.ActiveCfg = Debug|x64
		{EEF6D6E1-3487-48A6-A31F-E83A421F6E18}.Debug|x64.Build.0 = Debug|x64
		{EEF6D6E1-3487-48A6-A31F-E83A421F6E18}.Debug|x86.ActiveCfg = Debug|Win32
		{EEF6D6E1-3487-48A6-A31F-E83A421F6E18}.Debug|x86.Build.0 = Debug|Win32
		{EEF6D6E1-3487-48A6-A31F-E83A421F6E18}.Release|x64.ActiveCfg = Release|x64
		{EEF6D6E1-3487-48A6-A31F-E83A421F6E18}.Release|x64.Build.0 = Release|x64
		{EEF6D6E1-3487-48A6-A31F-E83A421F6E18}.Release|x86.ActiveCfg = Release|Win32
		{EEF6D6E1-3487-48A6-A31F-E83A421F6E18}.Release|x86.Build.0 = Release|Win32
	EndGlobalSection
	GlobalSection(SolutionProperties) = preSolution
		HideSolutionNode = FALSE
	EndGlobalSection
	GlobalSection(ExtensibilityGlobals) = postSolution
		SolutionGuid = {3A1AC2B0-50A9-4FBE-A806-A71154C5C760}
	EndGlobalSection
EndGlobal
